// !$*UTF8*$!
{
	archiveVersion = 1;
	classes = {
	};
	objectVersion = 52;
	objects = {

/* Begin PBXBuildFile section */
		060782B2250CE27700A87020 /* AppDelegate.swift in Sources */ = {isa = PBXBuildFile; fileRef = 060782B1250CE27700A87020 /* AppDelegate.swift */; };
		060782B6250CE27700A87020 /* FeedViewController.swift in Sources */ = {isa = PBXBuildFile; fileRef = 060782B5250CE27700A87020 /* FeedViewController.swift */; };
		060782B9250CE27700A87020 /* Main.storyboard in Resources */ = {isa = PBXBuildFile; fileRef = 060782B7250CE27700A87020 /* Main.storyboard */; };
		060782BB250CE27A00A87020 /* Assets.xcassets in Resources */ = {isa = PBXBuildFile; fileRef = 060782BA250CE27A00A87020 /* Assets.xcassets */; };
		060782BE250CE27A00A87020 /* LaunchScreen.storyboard in Resources */ = {isa = PBXBuildFile; fileRef = 060782BC250CE27A00A87020 /* LaunchScreen.storyboard */; };
		060782C6250CEB0A00A87020 /* InfoViewController.swift in Sources */ = {isa = PBXBuildFile; fileRef = 060782C5250CEB0A00A87020 /* InfoViewController.swift */; };
		060782C8250CEE5D00A87020 /* PostViewController.swift in Sources */ = {isa = PBXBuildFile; fileRef = 060782C7250CEE5D00A87020 /* PostViewController.swift */; };
		060782CA250CEE7200A87020 /* Post.swift in Sources */ = {isa = PBXBuildFile; fileRef = 060782C9250CEE7200A87020 /* Post.swift */; };
		4CC257F43D4FE9EA4F6FBE42 /* Pods_StudyProject_copy.framework in Frameworks */ = {isa = PBXBuildFile; fileRef = ED2F1514D9C9E0116CDE0DC8 /* Pods_StudyProject_copy.framework */; };
		7C598EF264549EB1096FFCBB /* Pods_StudyProject.framework in Frameworks */ = {isa = PBXBuildFile; fileRef = 01AEB1827A150E7490BA460C /* Pods_StudyProject.framework */; };
		BA1BD3E825CC9FCF00E4B240 /* PostTableViewCell.swift in Sources */ = {isa = PBXBuildFile; fileRef = BA1BD3E725CC9FCF00E4B240 /* PostTableViewCell.swift */; };
		BA1BD3ED25CE049E00E4B240 /* PhotosTableViewCell.swift in Sources */ = {isa = PBXBuildFile; fileRef = BA1BD3EC25CE049E00E4B240 /* PhotosTableViewCell.swift */; };
		BA1BD3F125CE12CF00E4B240 /* PhotosViewController.swift in Sources */ = {isa = PBXBuildFile; fileRef = BA1BD3F025CE12CF00E4B240 /* PhotosViewController.swift */; };
		BA1BD3F525CE18C400E4B240 /* PhotoCollectionViewCell.swift in Sources */ = {isa = PBXBuildFile; fileRef = BA1BD3F425CE18C400E4B240 /* PhotoCollectionViewCell.swift */; };
		BA33480E25C0AB0A00F5AB72 /* PaddingTextField.swift in Sources */ = {isa = PBXBuildFile; fileRef = BA33480D25C0AB0A00F5AB72 /* PaddingTextField.swift */; };
		BA55196126A0E5AD005A67D6 /* iOSIntPackage in Frameworks */ = {isa = PBXBuildFile; productRef = BA55196026A0E5AD005A67D6 /* iOSIntPackage */; };
		BA5F8E6225BE493100AEDC47 /* LogInViewController.swift in Sources */ = {isa = PBXBuildFile; fileRef = BA5F8E6125BE493100AEDC47 /* LogInViewController.swift */; };
		BA70030E2628993200FDA8CF /* MainTabBarController.swift in Sources */ = {isa = PBXBuildFile; fileRef = BA70030D2628993200FDA8CF /* MainTabBarController.swift */; };
		BA7003152628A15500FDA8CF /* FeedViewController.swift in Sources */ = {isa = PBXBuildFile; fileRef = 060782B5250CE27700A87020 /* FeedViewController.swift */; };
		BA7003162628A15500FDA8CF /* PaddingTextField.swift in Sources */ = {isa = PBXBuildFile; fileRef = BA33480D25C0AB0A00F5AB72 /* PaddingTextField.swift */; };
		BA7003172628A15500FDA8CF /* PostTableViewCell.swift in Sources */ = {isa = PBXBuildFile; fileRef = BA1BD3E725CC9FCF00E4B240 /* PostTableViewCell.swift */; };
		BA7003182628A15500FDA8CF /* AppDelegate.swift in Sources */ = {isa = PBXBuildFile; fileRef = 060782B1250CE27700A87020 /* AppDelegate.swift */; };
		BA7003192628A15500FDA8CF /* LogInViewController.swift in Sources */ = {isa = PBXBuildFile; fileRef = BA5F8E6125BE493100AEDC47 /* LogInViewController.swift */; };
		BA70031A2628A15500FDA8CF /* InfoViewController.swift in Sources */ = {isa = PBXBuildFile; fileRef = 060782C5250CEB0A00A87020 /* InfoViewController.swift */; };
		BA70031B2628A15500FDA8CF /* AppColor.swift in Sources */ = {isa = PBXBuildFile; fileRef = BA83A3ED25C48BCA00288F55 /* AppColor.swift */; };
		BA70031C2628A15500FDA8CF /* Post.swift in Sources */ = {isa = PBXBuildFile; fileRef = 060782C9250CEE7200A87020 /* Post.swift */; };
		BA70031D2628A15500FDA8CF /* PhotosTableViewCell.swift in Sources */ = {isa = PBXBuildFile; fileRef = BA1BD3EC25CE049E00E4B240 /* PhotosTableViewCell.swift */; };
		BA70031E2628A15500FDA8CF /* PhotoCollectionViewCell.swift in Sources */ = {isa = PBXBuildFile; fileRef = BA1BD3F425CE18C400E4B240 /* PhotoCollectionViewCell.swift */; };
		BA70031F2628A15500FDA8CF /* MainTabBarController.swift in Sources */ = {isa = PBXBuildFile; fileRef = BA70030D2628993200FDA8CF /* MainTabBarController.swift */; };
		BA7003202628A15500FDA8CF /* PhotosViewController.swift in Sources */ = {isa = PBXBuildFile; fileRef = BA1BD3F025CE12CF00E4B240 /* PhotosViewController.swift */; };
		BA7003222628A15500FDA8CF /* AppImage.swift in Sources */ = {isa = PBXBuildFile; fileRef = BAFAF1A625BF9FF300EC07D8 /* AppImage.swift */; };
		BA7003232628A15500FDA8CF /* ProfileViewController.swift in Sources */ = {isa = PBXBuildFile; fileRef = BA7F90C225A6A7EA00CB0A44 /* ProfileViewController.swift */; };
		BA7003242628A15500FDA8CF /* PostViewController.swift in Sources */ = {isa = PBXBuildFile; fileRef = 060782C7250CEE5D00A87020 /* PostViewController.swift */; };
		BA7003272628A15500FDA8CF /* LaunchScreen.storyboard in Resources */ = {isa = PBXBuildFile; fileRef = 060782BC250CE27A00A87020 /* LaunchScreen.storyboard */; };
		BA7003282628A15500FDA8CF /* Assets.xcassets in Resources */ = {isa = PBXBuildFile; fileRef = 060782BA250CE27A00A87020 /* Assets.xcassets */; };
		BA7003292628A15500FDA8CF /* Main.storyboard in Resources */ = {isa = PBXBuildFile; fileRef = 060782B7250CE27700A87020 /* Main.storyboard */; };
		BA7F90C325A6A7EA00CB0A44 /* ProfileViewController.swift in Sources */ = {isa = PBXBuildFile; fileRef = BA7F90C225A6A7EA00CB0A44 /* ProfileViewController.swift */; };
		BA83A3EE25C48BCA00288F55 /* AppColor.swift in Sources */ = {isa = PBXBuildFile; fileRef = BA83A3ED25C48BCA00288F55 /* AppColor.swift */; };
		BAB12614268532FD002865E7 /* CustomProfileHeaderView.swift in Sources */ = {isa = PBXBuildFile; fileRef = BAB12613268532FD002865E7 /* CustomProfileHeaderView.swift */; };
		BAB12615268532FD002865E7 /* CustomProfileHeaderView.swift in Sources */ = {isa = PBXBuildFile; fileRef = BAB12613268532FD002865E7 /* CustomProfileHeaderView.swift */; };
		BAFAF1A725BF9FF300EC07D8 /* AppImage.swift in Sources */ = {isa = PBXBuildFile; fileRef = BAFAF1A625BF9FF300EC07D8 /* AppImage.swift */; };
/* End PBXBuildFile section */

/* Begin PBXFileReference section */
		01AEB1827A150E7490BA460C /* Pods_StudyProject.framework */ = {isa = PBXFileReference; explicitFileType = wrapper.framework; includeInIndex = 0; path = Pods_StudyProject.framework; sourceTree = BUILT_PRODUCTS_DIR; };
		060782AE250CE27700A87020 /* StudyProject.app */ = {isa = PBXFileReference; explicitFileType = wrapper.application; includeInIndex = 0; path = StudyProject.app; sourceTree = BUILT_PRODUCTS_DIR; };
		060782B1250CE27700A87020 /* AppDelegate.swift */ = {isa = PBXFileReference; lastKnownFileType = sourcecode.swift; path = AppDelegate.swift; sourceTree = "<group>"; };
		060782B5250CE27700A87020 /* FeedViewController.swift */ = {isa = PBXFileReference; lastKnownFileType = sourcecode.swift; path = FeedViewController.swift; sourceTree = "<group>"; };
		060782B8250CE27700A87020 /* Base */ = {isa = PBXFileReference; lastKnownFileType = file.storyboard; name = Base; path = Base.lproj/Main.storyboard; sourceTree = "<group>"; };
		060782BA250CE27A00A87020 /* Assets.xcassets */ = {isa = PBXFileReference; lastKnownFileType = folder.assetcatalog; path = Assets.xcassets; sourceTree = "<group>"; };
		060782BD250CE27A00A87020 /* Base */ = {isa = PBXFileReference; lastKnownFileType = file.storyboard; name = Base; path = Base.lproj/LaunchScreen.storyboard; sourceTree = "<group>"; };
		060782BF250CE27A00A87020 /* Info.plist */ = {isa = PBXFileReference; lastKnownFileType = text.plist.xml; path = Info.plist; sourceTree = "<group>"; };
		060782C5250CEB0A00A87020 /* InfoViewController.swift */ = {isa = PBXFileReference; lastKnownFileType = sourcecode.swift; path = InfoViewController.swift; sourceTree = "<group>"; };
		060782C7250CEE5D00A87020 /* PostViewController.swift */ = {isa = PBXFileReference; lastKnownFileType = sourcecode.swift; path = PostViewController.swift; sourceTree = "<group>"; };
		060782C9250CEE7200A87020 /* Post.swift */ = {isa = PBXFileReference; lastKnownFileType = sourcecode.swift; path = Post.swift; sourceTree = "<group>"; };
		38B17E58971283781BB3CCC0 /* Pods-StudyProject copy.debug.xcconfig */ = {isa = PBXFileReference; includeInIndex = 1; lastKnownFileType = text.xcconfig; name = "Pods-StudyProject copy.debug.xcconfig"; path = "Target Support Files/Pods-StudyProject copy/Pods-StudyProject copy.debug.xcconfig"; sourceTree = "<group>"; };
		488960C22EA7132EB7F02AB6 /* Pods-StudyProject.release.xcconfig */ = {isa = PBXFileReference; includeInIndex = 1; lastKnownFileType = text.xcconfig; name = "Pods-StudyProject.release.xcconfig"; path = "Target Support Files/Pods-StudyProject/Pods-StudyProject.release.xcconfig"; sourceTree = "<group>"; };
		8993A0F58413D63AF02B87D2 /* Pods-StudyProject.debug.xcconfig */ = {isa = PBXFileReference; includeInIndex = 1; lastKnownFileType = text.xcconfig; name = "Pods-StudyProject.debug.xcconfig"; path = "Target Support Files/Pods-StudyProject/Pods-StudyProject.debug.xcconfig"; sourceTree = "<group>"; };
		BA1BD3E725CC9FCF00E4B240 /* PostTableViewCell.swift */ = {isa = PBXFileReference; lastKnownFileType = sourcecode.swift; path = PostTableViewCell.swift; sourceTree = "<group>"; };
		BA1BD3EC25CE049E00E4B240 /* PhotosTableViewCell.swift */ = {isa = PBXFileReference; lastKnownFileType = sourcecode.swift; path = PhotosTableViewCell.swift; sourceTree = "<group>"; };
		BA1BD3F025CE12CF00E4B240 /* PhotosViewController.swift */ = {isa = PBXFileReference; lastKnownFileType = sourcecode.swift; path = PhotosViewController.swift; sourceTree = "<group>"; };
		BA1BD3F425CE18C400E4B240 /* PhotoCollectionViewCell.swift */ = {isa = PBXFileReference; lastKnownFileType = sourcecode.swift; path = PhotoCollectionViewCell.swift; sourceTree = "<group>"; };
		BA33480D25C0AB0A00F5AB72 /* PaddingTextField.swift */ = {isa = PBXFileReference; lastKnownFileType = sourcecode.swift; path = PaddingTextField.swift; sourceTree = "<group>"; };
		BA5F8E6125BE493100AEDC47 /* LogInViewController.swift */ = {isa = PBXFileReference; lastKnownFileType = sourcecode.swift; path = LogInViewController.swift; sourceTree = "<group>"; };
		BA70030D2628993200FDA8CF /* MainTabBarController.swift */ = {isa = PBXFileReference; lastKnownFileType = sourcecode.swift; path = MainTabBarController.swift; sourceTree = "<group>"; };
		BA70032E2628A15500FDA8CF /* StudyProject copy.app */ = {isa = PBXFileReference; explicitFileType = wrapper.application; includeInIndex = 0; path = "StudyProject copy.app"; sourceTree = BUILT_PRODUCTS_DIR; };
		BA70032F2628A15500FDA8CF /* StudyProject copy-Info.plist */ = {isa = PBXFileReference; lastKnownFileType = text.plist.xml; name = "StudyProject copy-Info.plist"; path = "/Users/matvey/Documents/prog/Active projects/StudyProject/StudyProject copy-Info.plist"; sourceTree = "<absolute>"; };
		BA7F90C225A6A7EA00CB0A44 /* ProfileViewController.swift */ = {isa = PBXFileReference; lastKnownFileType = sourcecode.swift; name = ProfileViewController.swift; path = Navigation/ProfileViewController.swift; sourceTree = SOURCE_ROOT; };
		BA83A3ED25C48BCA00288F55 /* AppColor.swift */ = {isa = PBXFileReference; lastKnownFileType = sourcecode.swift; path = AppColor.swift; sourceTree = "<group>"; };
		BAB12613268532FD002865E7 /* CustomProfileHeaderView.swift */ = {isa = PBXFileReference; lastKnownFileType = sourcecode.swift; path = CustomProfileHeaderView.swift; sourceTree = "<group>"; };
		BAFAF1A625BF9FF300EC07D8 /* AppImage.swift */ = {isa = PBXFileReference; lastKnownFileType = sourcecode.swift; path = AppImage.swift; sourceTree = "<group>"; };
		D623F5EEF1757C74EDD5600D /* Pods-StudyProject copy.release.xcconfig */ = {isa = PBXFileReference; includeInIndex = 1; lastKnownFileType = text.xcconfig; name = "Pods-StudyProject copy.release.xcconfig"; path = "Target Support Files/Pods-StudyProject copy/Pods-StudyProject copy.release.xcconfig"; sourceTree = "<group>"; };
		ED2F1514D9C9E0116CDE0DC8 /* Pods_StudyProject_copy.framework */ = {isa = PBXFileReference; explicitFileType = wrapper.framework; includeInIndex = 0; path = Pods_StudyProject_copy.framework; sourceTree = BUILT_PRODUCTS_DIR; };
/* End PBXFileReference section */

/* Begin PBXFrameworksBuildPhase section */
		060782AB250CE27700A87020 /* Frameworks */ = {
			isa = PBXFrameworksBuildPhase;
			buildActionMask = 2147483647;
			files = (
				7C598EF264549EB1096FFCBB /* Pods_StudyProject.framework in Frameworks */,
				BA55196126A0E5AD005A67D6 /* iOSIntPackage in Frameworks */,
			);
			runOnlyForDeploymentPostprocessing = 0;
		};
		BA7003252628A15500FDA8CF /* Frameworks */ = {
			isa = PBXFrameworksBuildPhase;
			buildActionMask = 2147483647;
			files = (
				4CC257F43D4FE9EA4F6FBE42 /* Pods_StudyProject_copy.framework in Frameworks */,
			);
			runOnlyForDeploymentPostprocessing = 0;
		};
/* End PBXFrameworksBuildPhase section */

/* Begin PBXGroup section */
		060782A5250CE27700A87020 = {
			isa = PBXGroup;
			children = (
				060782B0250CE27700A87020 /* Navigation */,
				060782AF250CE27700A87020 /* Products */,
				BA70032F2628A15500FDA8CF /* StudyProject copy-Info.plist */,
				124F134555B4EA14AAB3F81B /* Pods */,
				B677AE741CB37E00027F21C7 /* Frameworks */,
			);
			sourceTree = "<group>";
		};
		060782AF250CE27700A87020 /* Products */ = {
			isa = PBXGroup;
			children = (
				060782AE250CE27700A87020 /* StudyProject.app */,
				BA70032E2628A15500FDA8CF /* StudyProject copy.app */,
			);
			name = Products;
			sourceTree = "<group>";
		};
		060782B0250CE27700A87020 /* Navigation */ = {
			isa = PBXGroup;
			children = (
				BAB1261926853457002865E7 /* New Group */,
				BA7003062628917400FDA8CF /* Application */,
				BA7003082628924B00FDA8CF /* VIew */,
				BA70031026289E3700FDA8CF /* Services */,
				060782B7250CE27700A87020 /* Main.storyboard */,
				060782BA250CE27A00A87020 /* Assets.xcassets */,
				060782BC250CE27A00A87020 /* LaunchScreen.storyboard */,
				060782BF250CE27A00A87020 /* Info.plist */,
			);
			path = Navigation;
			sourceTree = "<group>";
		};
		124F134555B4EA14AAB3F81B /* Pods */ = {
			isa = PBXGroup;
			children = (
				8993A0F58413D63AF02B87D2 /* Pods-StudyProject.debug.xcconfig */,
				488960C22EA7132EB7F02AB6 /* Pods-StudyProject.release.xcconfig */,
				38B17E58971283781BB3CCC0 /* Pods-StudyProject copy.debug.xcconfig */,
				D623F5EEF1757C74EDD5600D /* Pods-StudyProject copy.release.xcconfig */,
			);
			path = Pods;
			sourceTree = "<group>";
		};
		B677AE741CB37E00027F21C7 /* Frameworks */ = {
			isa = PBXGroup;
			children = (
				01AEB1827A150E7490BA460C /* Pods_StudyProject.framework */,
				ED2F1514D9C9E0116CDE0DC8 /* Pods_StudyProject_copy.framework */,
			);
			name = Frameworks;
			sourceTree = "<group>";
		};
		BA1BD3EF25CE126500E4B240 /* Photos */ = {
			isa = PBXGroup;
			children = (
				BA1BD3F025CE12CF00E4B240 /* PhotosViewController.swift */,
				BA1BD3F425CE18C400E4B240 /* PhotoCollectionViewCell.swift */,
			);
			path = Photos;
			sourceTree = "<group>";
		};
		BA34E320267FF3B700A0677F /* SubViews */ = {
			isa = PBXGroup;
			children = (
				BAB12613268532FD002865E7 /* CustomProfileHeaderView.swift */,
				BA1BD3E725CC9FCF00E4B240 /* PostTableViewCell.swift */,
				BA1BD3EC25CE049E00E4B240 /* PhotosTableViewCell.swift */,
			);
			path = SubViews;
			sourceTree = "<group>";
		};
		BA7003062628917400FDA8CF /* Application */ = {
			isa = PBXGroup;
			children = (
				060782B1250CE27700A87020 /* AppDelegate.swift */,
				BAFAF1A625BF9FF300EC07D8 /* AppImage.swift */,
				BA83A3ED25C48BCA00288F55 /* AppColor.swift */,
			);
			path = Application;
			sourceTree = "<group>";
		};
		BA7003082628924B00FDA8CF /* VIew */ = {
			isa = PBXGroup;
			children = (
				BA70030C2628991C00FDA8CF /* MainTabBar */,
				BA7F90BD25A6A78D00CB0A44 /* Profile */,
				BA1BD3EF25CE126500E4B240 /* Photos */,
				060782C7250CEE5D00A87020 /* PostViewController.swift */,
				060782C5250CEB0A00A87020 /* InfoViewController.swift */,
				BA33480D25C0AB0A00F5AB72 /* PaddingTextField.swift */,
				060782B5250CE27700A87020 /* FeedViewController.swift */,
			);
			path = VIew;
			sourceTree = "<group>";
		};
		BA70030C2628991C00FDA8CF /* MainTabBar */ = {
			isa = PBXGroup;
			children = (
				BA70030D2628993200FDA8CF /* MainTabBarController.swift */,
			);
			path = MainTabBar;
			sourceTree = "<group>";
		};
		BA70031026289E3700FDA8CF /* Services */ = {
			isa = PBXGroup;
			children = (
				BA70031126289E4D00FDA8CF /* Models */,
			);
			path = Services;
			sourceTree = "<group>";
		};
		BA70031126289E4D00FDA8CF /* Models */ = {
			isa = PBXGroup;
			children = (
				060782C9250CEE7200A87020 /* Post.swift */,
			);
			path = Models;
			sourceTree = "<group>";
		};
		BA7F90BD25A6A78D00CB0A44 /* Profile */ = {
			isa = PBXGroup;
			children = (
				BA34E320267FF3B700A0677F /* SubViews */,
				BA7F90C225A6A7EA00CB0A44 /* ProfileViewController.swift */,
				BA5F8E6125BE493100AEDC47 /* LogInViewController.swift */,
			);
			path = Profile;
			sourceTree = "<group>";
		};
		BAB1261926853457002865E7 /* New Group */ = {
			isa = PBXGroup;
			children = (
			);
			path = "New Group";
			sourceTree = "<group>";
		};
/* End PBXGroup section */

/* Begin PBXNativeTarget section */
		060782AD250CE27700A87020 /* StudyProject */ = {
			isa = PBXNativeTarget;
			buildConfigurationList = 060782C2250CE27A00A87020 /* Build configuration list for PBXNativeTarget "StudyProject" */;
			buildPhases = (
				E48FE7716134EB1F1904F60B /* [CP] Check Pods Manifest.lock */,
				060782AA250CE27700A87020 /* Sources */,
				060782AB250CE27700A87020 /* Frameworks */,
				060782AC250CE27700A87020 /* Resources */,
				27B7F306B2695C512039DC12 /* [CP] Embed Pods Frameworks */,
			);
			buildRules = (
			);
			dependencies = (
			);
			name = StudyProject;
			packageProductDependencies = (
				BA55196026A0E5AD005A67D6 /* iOSIntPackage */,
			);
			productName = Navigation;
			productReference = 060782AE250CE27700A87020 /* StudyProject.app */;
			productType = "com.apple.product-type.application";
		};
		BA7003132628A15500FDA8CF /* StudyProject copy */ = {
			isa = PBXNativeTarget;
			buildConfigurationList = BA70032B2628A15500FDA8CF /* Build configuration list for PBXNativeTarget "StudyProject copy" */;
			buildPhases = (
				7CD300D9CEA41002DEABAC14 /* [CP] Check Pods Manifest.lock */,
				BA7003142628A15500FDA8CF /* Sources */,
				BA7003252628A15500FDA8CF /* Frameworks */,
				BA7003262628A15500FDA8CF /* Resources */,
			);
			buildRules = (
			);
			dependencies = (
			);
			name = "StudyProject copy";
			productName = Navigation;
			productReference = BA70032E2628A15500FDA8CF /* StudyProject copy.app */;
			productType = "com.apple.product-type.application";
		};
/* End PBXNativeTarget section */

/* Begin PBXProject section */
		060782A6250CE27700A87020 /* Project object */ = {
			isa = PBXProject;
			attributes = {
				LastSwiftUpdateCheck = 1170;
				LastUpgradeCheck = 1230;
				ORGANIZATIONNAME = "Artem Novichkov";
				TargetAttributes = {
					060782AD250CE27700A87020 = {
						CreatedOnToolsVersion = 11.7;
					};
				};
			};
			buildConfigurationList = 060782A9250CE27700A87020 /* Build configuration list for PBXProject "StudyProject" */;
			compatibilityVersion = "Xcode 9.3";
			developmentRegion = en;
			hasScannedForEncodings = 0;
			knownRegions = (
				en,
				Base,
			);
			mainGroup = 060782A5250CE27700A87020;
			packageReferences = (
				BA55195F26A0E5AD005A67D6 /* XCRemoteSwiftPackageReference "iOSIntPackage" */,
			);
			productRefGroup = 060782AF250CE27700A87020 /* Products */;
			projectDirPath = "";
			projectRoot = "";
			targets = (
				060782AD250CE27700A87020 /* StudyProject */,
				BA7003132628A15500FDA8CF /* StudyProject copy */,
			);
		};
/* End PBXProject section */

/* Begin PBXResourcesBuildPhase section */
		060782AC250CE27700A87020 /* Resources */ = {
			isa = PBXResourcesBuildPhase;
			buildActionMask = 2147483647;
			files = (
				060782BE250CE27A00A87020 /* LaunchScreen.storyboard in Resources */,
				060782BB250CE27A00A87020 /* Assets.xcassets in Resources */,
				060782B9250CE27700A87020 /* Main.storyboard in Resources */,
			);
			runOnlyForDeploymentPostprocessing = 0;
		};
		BA7003262628A15500FDA8CF /* Resources */ = {
			isa = PBXResourcesBuildPhase;
			buildActionMask = 2147483647;
			files = (
				BA7003272628A15500FDA8CF /* LaunchScreen.storyboard in Resources */,
				BA7003282628A15500FDA8CF /* Assets.xcassets in Resources */,
				BA7003292628A15500FDA8CF /* Main.storyboard in Resources */,
			);
			runOnlyForDeploymentPostprocessing = 0;
		};
/* End PBXResourcesBuildPhase section */

/* Begin PBXShellScriptBuildPhase section */
		27B7F306B2695C512039DC12 /* [CP] Embed Pods Frameworks */ = {
			isa = PBXShellScriptBuildPhase;
			buildActionMask = 2147483647;
			files = (
			);
			inputFileListPaths = (
				"${PODS_ROOT}/Target Support Files/Pods-StudyProject/Pods-StudyProject-frameworks-${CONFIGURATION}-input-files.xcfilelist",
			);
			name = "[CP] Embed Pods Frameworks";
			outputFileListPaths = (
				"${PODS_ROOT}/Target Support Files/Pods-StudyProject/Pods-StudyProject-frameworks-${CONFIGURATION}-output-files.xcfilelist",
			);
			runOnlyForDeploymentPostprocessing = 0;
			shellPath = /bin/sh;
			shellScript = "\"${PODS_ROOT}/Target Support Files/Pods-StudyProject/Pods-StudyProject-frameworks.sh\"\n";
			showEnvVarsInLog = 0;
		};
		7CD300D9CEA41002DEABAC14 /* [CP] Check Pods Manifest.lock */ = {
			isa = PBXShellScriptBuildPhase;
			buildActionMask = 2147483647;
			files = (
			);
			inputFileListPaths = (
			);
			inputPaths = (
				"${PODS_PODFILE_DIR_PATH}/Podfile.lock",
				"${PODS_ROOT}/Manifest.lock",
			);
			name = "[CP] Check Pods Manifest.lock";
			outputFileListPaths = (
			);
			outputPaths = (
				"$(DERIVED_FILE_DIR)/Pods-StudyProject copy-checkManifestLockResult.txt",
			);
			runOnlyForDeploymentPostprocessing = 0;
			shellPath = /bin/sh;
			shellScript = "diff \"${PODS_PODFILE_DIR_PATH}/Podfile.lock\" \"${PODS_ROOT}/Manifest.lock\" > /dev/null\nif [ $? != 0 ] ; then\n    # print error to STDERR\n    echo \"error: The sandbox is not in sync with the Podfile.lock. Run 'pod install' or update your CocoaPods installation.\" >&2\n    exit 1\nfi\n# This output is used by Xcode 'outputs' to avoid re-running this script phase.\necho \"SUCCESS\" > \"${SCRIPT_OUTPUT_FILE_0}\"\n";
			showEnvVarsInLog = 0;
		};
		E48FE7716134EB1F1904F60B /* [CP] Check Pods Manifest.lock */ = {
			isa = PBXShellScriptBuildPhase;
			buildActionMask = 2147483647;
			files = (
			);
			inputFileListPaths = (
			);
			inputPaths = (
				"${PODS_PODFILE_DIR_PATH}/Podfile.lock",
				"${PODS_ROOT}/Manifest.lock",
			);
			name = "[CP] Check Pods Manifest.lock";
			outputFileListPaths = (
			);
			outputPaths = (
				"$(DERIVED_FILE_DIR)/Pods-StudyProject-checkManifestLockResult.txt",
			);
			runOnlyForDeploymentPostprocessing = 0;
			shellPath = /bin/sh;
			shellScript = "diff \"${PODS_PODFILE_DIR_PATH}/Podfile.lock\" \"${PODS_ROOT}/Manifest.lock\" > /dev/null\nif [ $? != 0 ] ; then\n    # print error to STDERR\n    echo \"error: The sandbox is not in sync with the Podfile.lock. Run 'pod install' or update your CocoaPods installation.\" >&2\n    exit 1\nfi\n# This output is used by Xcode 'outputs' to avoid re-running this script phase.\necho \"SUCCESS\" > \"${SCRIPT_OUTPUT_FILE_0}\"\n";
			showEnvVarsInLog = 0;
		};
/* End PBXShellScriptBuildPhase section */

/* Begin PBXSourcesBuildPhase section */
		060782AA250CE27700A87020 /* Sources */ = {
			isa = PBXSourcesBuildPhase;
			buildActionMask = 2147483647;
			files = (
				060782B6250CE27700A87020 /* FeedViewController.swift in Sources */,
				BA33480E25C0AB0A00F5AB72 /* PaddingTextField.swift in Sources */,
				BA1BD3E825CC9FCF00E4B240 /* PostTableViewCell.swift in Sources */,
				060782B2250CE27700A87020 /* AppDelegate.swift in Sources */,
				BAB12614268532FD002865E7 /* CustomProfileHeaderView.swift in Sources */,
				BA5F8E6225BE493100AEDC47 /* LogInViewController.swift in Sources */,
				060782C6250CEB0A00A87020 /* InfoViewController.swift in Sources */,
				BA83A3EE25C48BCA00288F55 /* AppColor.swift in Sources */,
				060782CA250CEE7200A87020 /* Post.swift in Sources */,
				BA1BD3ED25CE049E00E4B240 /* PhotosTableViewCell.swift in Sources */,
				BA1BD3F525CE18C400E4B240 /* PhotoCollectionViewCell.swift in Sources */,
				BA70030E2628993200FDA8CF /* MainTabBarController.swift in Sources */,
				BA1BD3F125CE12CF00E4B240 /* PhotosViewController.swift in Sources */,
				BAFAF1A725BF9FF300EC07D8 /* AppImage.swift in Sources */,
				BA7F90C325A6A7EA00CB0A44 /* ProfileViewController.swift in Sources */,
				060782C8250CEE5D00A87020 /* PostViewController.swift in Sources */,
			);
			runOnlyForDeploymentPostprocessing = 0;
		};
		BA7003142628A15500FDA8CF /* Sources */ = {
			isa = PBXSourcesBuildPhase;
			buildActionMask = 2147483647;
			files = (
				BA7003152628A15500FDA8CF /* FeedViewController.swift in Sources */,
				BA7003162628A15500FDA8CF /* PaddingTextField.swift in Sources */,
				BA7003172628A15500FDA8CF /* PostTableViewCell.swift in Sources */,
				BA7003182628A15500FDA8CF /* AppDelegate.swift in Sources */,
				BAB12615268532FD002865E7 /* CustomProfileHeaderView.swift in Sources */,
				BA7003192628A15500FDA8CF /* LogInViewController.swift in Sources */,
				BA70031A2628A15500FDA8CF /* InfoViewController.swift in Sources */,
				BA70031B2628A15500FDA8CF /* AppColor.swift in Sources */,
				BA70031C2628A15500FDA8CF /* Post.swift in Sources */,
				BA70031D2628A15500FDA8CF /* PhotosTableViewCell.swift in Sources */,
				BA70031E2628A15500FDA8CF /* PhotoCollectionViewCell.swift in Sources */,
				BA70031F2628A15500FDA8CF /* MainTabBarController.swift in Sources */,
				BA7003202628A15500FDA8CF /* PhotosViewController.swift in Sources */,
				BA7003222628A15500FDA8CF /* AppImage.swift in Sources */,
				BA7003232628A15500FDA8CF /* ProfileViewController.swift in Sources */,
				BA7003242628A15500FDA8CF /* PostViewController.swift in Sources */,
			);
			runOnlyForDeploymentPostprocessing = 0;
		};
/* End PBXSourcesBuildPhase section */

/* Begin PBXVariantGroup section */
		060782B7250CE27700A87020 /* Main.storyboard */ = {
			isa = PBXVariantGroup;
			children = (
				060782B8250CE27700A87020 /* Base */,
			);
			name = Main.storyboard;
			sourceTree = "<group>";
		};
		060782BC250CE27A00A87020 /* LaunchScreen.storyboard */ = {
			isa = PBXVariantGroup;
			children = (
				060782BD250CE27A00A87020 /* Base */,
			);
			name = LaunchScreen.storyboard;
			sourceTree = "<group>";
		};
/* End PBXVariantGroup section */

/* Begin XCBuildConfiguration section */
		060782C0250CE27A00A87020 /* Debug */ = {
			isa = XCBuildConfiguration;
			buildSettings = {
				ALWAYS_SEARCH_USER_PATHS = NO;
				CLANG_ANALYZER_NONNULL = YES;
				CLANG_ANALYZER_NUMBER_OBJECT_CONVERSION = YES_AGGRESSIVE;
				CLANG_CXX_LANGUAGE_STANDARD = "gnu++14";
				CLANG_CXX_LIBRARY = "libc++";
				CLANG_ENABLE_MODULES = YES;
				CLANG_ENABLE_OBJC_ARC = YES;
				CLANG_ENABLE_OBJC_WEAK = YES;
				CLANG_WARN_BLOCK_CAPTURE_AUTORELEASING = YES;
				CLANG_WARN_BOOL_CONVERSION = YES;
				CLANG_WARN_COMMA = YES;
				CLANG_WARN_CONSTANT_CONVERSION = YES;
				CLANG_WARN_DEPRECATED_OBJC_IMPLEMENTATIONS = YES;
				CLANG_WARN_DIRECT_OBJC_ISA_USAGE = YES_ERROR;
				CLANG_WARN_DOCUMENTATION_COMMENTS = YES;
				CLANG_WARN_EMPTY_BODY = YES;
				CLANG_WARN_ENUM_CONVERSION = YES;
				CLANG_WARN_INFINITE_RECURSION = YES;
				CLANG_WARN_INT_CONVERSION = YES;
				CLANG_WARN_NON_LITERAL_NULL_CONVERSION = YES;
				CLANG_WARN_OBJC_IMPLICIT_RETAIN_SELF = YES;
				CLANG_WARN_OBJC_LITERAL_CONVERSION = YES;
				CLANG_WARN_OBJC_ROOT_CLASS = YES_ERROR;
				CLANG_WARN_QUOTED_INCLUDE_IN_FRAMEWORK_HEADER = YES;
				CLANG_WARN_RANGE_LOOP_ANALYSIS = YES;
				CLANG_WARN_STRICT_PROTOTYPES = YES;
				CLANG_WARN_SUSPICIOUS_MOVE = YES;
				CLANG_WARN_UNGUARDED_AVAILABILITY = YES_AGGRESSIVE;
				CLANG_WARN_UNREACHABLE_CODE = YES;
				CLANG_WARN__DUPLICATE_METHOD_MATCH = YES;
				COPY_PHASE_STRIP = NO;
				DEBUG_INFORMATION_FORMAT = dwarf;
				ENABLE_STRICT_OBJC_MSGSEND = YES;
				ENABLE_TESTABILITY = YES;
				GCC_C_LANGUAGE_STANDARD = gnu11;
				GCC_DYNAMIC_NO_PIC = NO;
				GCC_NO_COMMON_BLOCKS = YES;
				GCC_OPTIMIZATION_LEVEL = 0;
				GCC_PREPROCESSOR_DEFINITIONS = (
					"DEBUG=1",
					"$(inherited)",
				);
				GCC_WARN_64_TO_32_BIT_CONVERSION = YES;
				GCC_WARN_ABOUT_RETURN_TYPE = YES_ERROR;
				GCC_WARN_UNDECLARED_SELECTOR = YES;
				GCC_WARN_UNINITIALIZED_AUTOS = YES_AGGRESSIVE;
				GCC_WARN_UNUSED_FUNCTION = YES;
				GCC_WARN_UNUSED_VARIABLE = YES;
				IPHONEOS_DEPLOYMENT_TARGET = 12.0;
				MTL_ENABLE_DEBUG_INFO = INCLUDE_SOURCE;
				MTL_FAST_MATH = YES;
				ONLY_ACTIVE_ARCH = YES;
				SDKROOT = iphoneos;
				SWIFT_ACTIVE_COMPILATION_CONDITIONS = DEBUG;
				SWIFT_OPTIMIZATION_LEVEL = "-Onone";
			};
			name = Debug;
		};
		060782C1250CE27A00A87020 /* Release */ = {
			isa = XCBuildConfiguration;
			buildSettings = {
				ALWAYS_SEARCH_USER_PATHS = NO;
				CLANG_ANALYZER_NONNULL = YES;
				CLANG_ANALYZER_NUMBER_OBJECT_CONVERSION = YES_AGGRESSIVE;
				CLANG_CXX_LANGUAGE_STANDARD = "gnu++14";
				CLANG_CXX_LIBRARY = "libc++";
				CLANG_ENABLE_MODULES = YES;
				CLANG_ENABLE_OBJC_ARC = YES;
				CLANG_ENABLE_OBJC_WEAK = YES;
				CLANG_WARN_BLOCK_CAPTURE_AUTORELEASING = YES;
				CLANG_WARN_BOOL_CONVERSION = YES;
				CLANG_WARN_COMMA = YES;
				CLANG_WARN_CONSTANT_CONVERSION = YES;
				CLANG_WARN_DEPRECATED_OBJC_IMPLEMENTATIONS = YES;
				CLANG_WARN_DIRECT_OBJC_ISA_USAGE = YES_ERROR;
				CLANG_WARN_DOCUMENTATION_COMMENTS = YES;
				CLANG_WARN_EMPTY_BODY = YES;
				CLANG_WARN_ENUM_CONVERSION = YES;
				CLANG_WARN_INFINITE_RECURSION = YES;
				CLANG_WARN_INT_CONVERSION = YES;
				CLANG_WARN_NON_LITERAL_NULL_CONVERSION = YES;
				CLANG_WARN_OBJC_IMPLICIT_RETAIN_SELF = YES;
				CLANG_WARN_OBJC_LITERAL_CONVERSION = YES;
				CLANG_WARN_OBJC_ROOT_CLASS = YES_ERROR;
				CLANG_WARN_QUOTED_INCLUDE_IN_FRAMEWORK_HEADER = YES;
				CLANG_WARN_RANGE_LOOP_ANALYSIS = YES;
				CLANG_WARN_STRICT_PROTOTYPES = YES;
				CLANG_WARN_SUSPICIOUS_MOVE = YES;
				CLANG_WARN_UNGUARDED_AVAILABILITY = YES_AGGRESSIVE;
				CLANG_WARN_UNREACHABLE_CODE = YES;
				CLANG_WARN__DUPLICATE_METHOD_MATCH = YES;
				COPY_PHASE_STRIP = NO;
				DEBUG_INFORMATION_FORMAT = "dwarf-with-dsym";
				ENABLE_NS_ASSERTIONS = NO;
				ENABLE_STRICT_OBJC_MSGSEND = YES;
				GCC_C_LANGUAGE_STANDARD = gnu11;
				GCC_NO_COMMON_BLOCKS = YES;
				GCC_WARN_64_TO_32_BIT_CONVERSION = YES;
				GCC_WARN_ABOUT_RETURN_TYPE = YES_ERROR;
				GCC_WARN_UNDECLARED_SELECTOR = YES;
				GCC_WARN_UNINITIALIZED_AUTOS = YES_AGGRESSIVE;
				GCC_WARN_UNUSED_FUNCTION = YES;
				GCC_WARN_UNUSED_VARIABLE = YES;
				IPHONEOS_DEPLOYMENT_TARGET = 12.0;
				MTL_ENABLE_DEBUG_INFO = NO;
				MTL_FAST_MATH = YES;
				SDKROOT = iphoneos;
				SWIFT_COMPILATION_MODE = wholemodule;
				SWIFT_OPTIMIZATION_LEVEL = "-O";
				VALIDATE_PRODUCT = YES;
			};
			name = Release;
		};
		060782C3250CE27A00A87020 /* Debug */ = {
			isa = XCBuildConfiguration;
			baseConfigurationReference = 8993A0F58413D63AF02B87D2 /* Pods-StudyProject.debug.xcconfig */;
			buildSettings = {
				ASSETCATALOG_COMPILER_APPICON_NAME = AppIcon;
				CODE_SIGN_STYLE = Automatic;
				DEVELOPMENT_TEAM = 9N36M22CA6;
				INFOPLIST_FILE = Navigation/Info.plist;
				IPHONEOS_DEPLOYMENT_TARGET = 12.0;
				LD_RUNPATH_SEARCH_PATHS = (
					"$(inherited)",
					"@executable_path/Frameworks",
				);
				PRODUCT_BUNDLE_IDENTIFIER = com.matveiBorisov.StudyProject;
				PRODUCT_NAME = "$(TARGET_NAME)";
				SWIFT_VERSION = 5.0;
				TARGETED_DEVICE_FAMILY = 1;
			};
			name = Debug;
		};
		060782C4250CE27A00A87020 /* Release */ = {
			isa = XCBuildConfiguration;
			baseConfigurationReference = 488960C22EA7132EB7F02AB6 /* Pods-StudyProject.release.xcconfig */;
			buildSettings = {
				ASSETCATALOG_COMPILER_APPICON_NAME = AppIcon;
				CODE_SIGN_STYLE = Automatic;
				DEVELOPMENT_TEAM = 9N36M22CA6;
				INFOPLIST_FILE = Navigation/Info.plist;
				IPHONEOS_DEPLOYMENT_TARGET = 12.0;
				LD_RUNPATH_SEARCH_PATHS = (
					"$(inherited)",
					"@executable_path/Frameworks",
				);
				PRODUCT_BUNDLE_IDENTIFIER = com.matveiBorisov.StudyProject;
				PRODUCT_NAME = "$(TARGET_NAME)";
				SWIFT_VERSION = 5.0;
				TARGETED_DEVICE_FAMILY = 1;
			};
			name = Release;
		};
		BA70032C2628A15500FDA8CF /* Debug */ = {
			isa = XCBuildConfiguration;
			baseConfigurationReference = 38B17E58971283781BB3CCC0 /* Pods-StudyProject copy.debug.xcconfig */;
			buildSettings = {
				ASSETCATALOG_COMPILER_APPICON_NAME = AppIcon;
				CODE_SIGN_STYLE = Automatic;
				DEVELOPMENT_TEAM = 9N36M22CA6;
				INFOPLIST_FILE = "StudyProject copy-Info.plist";
				IPHONEOS_DEPLOYMENT_TARGET = 12.0;
				LD_RUNPATH_SEARCH_PATHS = (
					"$(inherited)",
					"@executable_path/Frameworks",
				);
				PRODUCT_BUNDLE_IDENTIFIER = com.matveiBorisov.StudyProject;
				PRODUCT_NAME = "$(TARGET_NAME)";
				SWIFT_VERSION = 5.0;
				TARGETED_DEVICE_FAMILY = 1;
			};
			name = Debug;
		};
		BA70032D2628A15500FDA8CF /* Release */ = {
			isa = XCBuildConfiguration;
			baseConfigurationReference = D623F5EEF1757C74EDD5600D /* Pods-StudyProject copy.release.xcconfig */;
			buildSettings = {
				ASSETCATALOG_COMPILER_APPICON_NAME = AppIcon;
				CODE_SIGN_STYLE = Automatic;
				DEVELOPMENT_TEAM = 9N36M22CA6;
				INFOPLIST_FILE = "StudyProject copy-Info.plist";
				IPHONEOS_DEPLOYMENT_TARGET = 12.0;
				LD_RUNPATH_SEARCH_PATHS = (
					"$(inherited)",
					"@executable_path/Frameworks",
				);
				PRODUCT_BUNDLE_IDENTIFIER = com.matveiBorisov.StudyProject;
				PRODUCT_NAME = "$(TARGET_NAME)";
				SWIFT_VERSION = 5.0;
				TARGETED_DEVICE_FAMILY = 1;
			};
			name = Release;
		};
/* End XCBuildConfiguration section */

/* Begin XCConfigurationList section */
		060782A9250CE27700A87020 /* Build configuration list for PBXProject "StudyProject" */ = {
			isa = XCConfigurationList;
			buildConfigurations = (
				060782C0250CE27A00A87020 /* Debug */,
				060782C1250CE27A00A87020 /* Release */,
			);
			defaultConfigurationIsVisible = 0;
			defaultConfigurationName = Release;
		};
		060782C2250CE27A00A87020 /* Build configuration list for PBXNativeTarget "StudyProject" */ = {
			isa = XCConfigurationList;
			buildConfigurations = (
				060782C3250CE27A00A87020 /* Debug */,
				060782C4250CE27A00A87020 /* Release */,
			);
			defaultConfigurationIsVisible = 0;
			defaultConfigurationName = Release;
		};
		BA70032B2628A15500FDA8CF /* Build configuration list for PBXNativeTarget "StudyProject copy" */ = {
			isa = XCConfigurationList;
			buildConfigurations = (
				BA70032C2628A15500FDA8CF /* Debug */,
				BA70032D2628A15500FDA8CF /* Release */,
			);
			defaultConfigurationIsVisible = 0;
			defaultConfigurationName = Release;
		};
/* End XCConfigurationList section */

/* Begin XCRemoteSwiftPackageReference section */
		BA55195F26A0E5AD005A67D6 /* XCRemoteSwiftPackageReference "iOSIntPackage" */ = {
			isa = XCRemoteSwiftPackageReference;
			repositoryURL = "https://github.com/TrueMax/iOSIntPackage/";
			requirement = {
				kind = upToNextMajorVersion;
				minimumVersion = 2.0.0;
			};
		};
/* End XCRemoteSwiftPackageReference section */

/* Begin XCSwiftPackageProductDependency section */
		BA55196026A0E5AD005A67D6 /* iOSIntPackage */ = {
			isa = XCSwiftPackageProductDependency;
			package = BA55195F26A0E5AD005A67D6 /* XCRemoteSwiftPackageReference "iOSIntPackage" */;
			productName = iOSIntPackage;
		};
/* End XCSwiftPackageProductDependency section */
	};
	rootObject = 060782A6250CE27700A87020 /* Project object */;
}
